Microsoft Visual Studio Solution File, Format Version 12.00
# Visual Studio Version 17
VisualStudioVersion = 17.5.2.0
MinimumVisualStudioVersion = 10.0.40219.1
Project("{FAE04EC0-301F-11D3-BF4B-00C04F79EFBC}") = "Study Buddys Backend", "Study Buddys Backend.csproj", "{45BA8CE2-FD69-F24F-A6E1-229C8C424F57}"
EndProject
Global
	GlobalSection(SolutionConfigurationPlatforms) = preSolution
		Debug|Any CPU = Debug|Any CPU
		Release|Any CPU = Release|Any CPU
	EndGlobalSection
	GlobalSection(ProjectConfigurationPlatforms) = postSolution
		{45BA8CE2-FD69-F24F-A6E1-229C8C424F57}.Debug|Any CPU.ActiveCfg = Debug|Any CPU
		{45BA8CE2-FD69-F24F-A6E1-229C8C424F57}.Debug|Any CPU.Build.0 = Debug|Any CPU
		{45BA8CE2-FD69-F24F-A6E1-229C8C424F57}.Release|Any CPU.ActiveCfg = Release|Any CPU
		{45BA8CE2-FD69-F24F-A6E1-229C8C424F57}.Release|Any CPU.Build.0 = Release|Any CPU
	EndGlobalSection
	GlobalSection(SolutionProperties) = preSolution
		HideSolutionNode = FALSE
	EndGlobalSection
	GlobalSection(ExtensibilityGlobals) = postSolution
		SolutionGuid = {2DEDB12E-01E6-4216-9442-1E0DB6E1C847}
	EndGlobalSection
EndGlobal
